# THIS IS AN AUTOGENERATED FILE. DO NOT EDIT THIS FILE DIRECTLY.
# yarn lockfile v1


"@hotwired/stimulus@^3.0.0-beta.2":
  version "3.0.0-beta.2"
  resolved "https://registry.yarnpkg.com/@hotwired/stimulus/-/stimulus-3.0.0-beta.2.tgz#64ca67af9cc473ca97bb99d98fee5bc08e4c3914"
  integrity sha512-rp2XojlugD0mvqi3qbqM660PbjqS7hnq/8FYa7SK/DL2rvWDu0/Ka3KW8cyXtcB1RiVG4nX5Oh4oq3nmuDjENQ==
